
Microsoft Visual Studio Solution File, Format Version 12.00
# Visual Studio 15
VisualStudioVersion = 15.0.28307.271
MinimumVisualStudioVersion = 10.0.40219.1
Project("{FAE04EC0-301F-11D3-BF4B-00C04F79EFBC}") = "FinalYearProject", "FinalYearProject\FinalYearProject.csproj", "{FF2DA3D4-E016-4EB5-A883-BEA5D173B9D3}"
EndProject
Global
	GlobalSection(SolutionConfigurationPlatforms) = preSolution
		Debug|Any CPU = Debug|Any CPU
		Release|Any CPU = Release|Any CPU
	EndGlobalSection
	GlobalSection(ProjectConfigurationPlatforms) = postSolution
		{FF2DA3D4-E016-4EB5-A883-BEA5D173B9D3}.Debug|Any CPU.ActiveCfg = Debug|Any CPU
		{FF2DA3D4-E016-4EB5-A883-BEA5D173B9D3}.Debug|Any CPU.Build.0 = Debug|Any CPU
		{FF2DA3D4-E016-4EB5-A883-BEA5D173B9D3}.Release|Any CPU.ActiveCfg = Release|Any CPU
		{FF2DA3D4-E016-4EB5-A883-BEA5D173B9D3}.Release|Any CPU.Build.0 = Release|Any CPU
	EndGlobalSection
	GlobalSection(SolutionProperties) = preSolution
		HideSolutionNode = FALSE
	EndGlobalSection
	GlobalSection(ExtensibilityGlobals) = postSolution
		SolutionGuid = {97F86EA2-CA8B-4278-8A45-624C79917239}
	EndGlobalSection
EndGlobal
